
Microsoft Visual Studio Solution File, Format Version 12.00
# Visual Studio 2012
Project("{8BC9CEB8-8B4A-11D0-8D11-00A0C91BC942}") = "BasketballStats", "BasketballStats\BasketballStats.vcxproj", "{609683A8-18B2-4E63-9784-67FF856A3F40}"
EndProject
Global
	GlobalSection(SolutionConfigurationPlatforms) = preSolution
		Debug|Win32 = Debug|Win32
		Release|Win32 = Release|Win32
	EndGlobalSection
	GlobalSection(ProjectConfigurationPlatforms) = postSolution
		{609683A8-18B2-4E63-9784-67FF856A3F40}.Debug|Win32.ActiveCfg = Debug|Win32
		{609683A8-18B2-4E63-9784-67FF856A3F40}.Debug|Win32.Build.0 = Debug|Win32
		{609683A8-18B2-4E63-9784-67FF856A3F40}.Release|Win32.ActiveCfg = Release|Win32
		{609683A8-18B2-4E63-9784-67FF856A3F40}.Release|Win32.Build.0 = Release|Win32
	EndGlobalSection
	GlobalSection(SolutionProperties) = preSolution
		HideSolutionNode = FALSE
	EndGlobalSection
EndGlobal
