
Microsoft Visual Studio Solution File, Format Version 12.00
# Visual Studio 2012
Project("{8BC9CEB8-8B4A-11D0-8D11-00A0C91BC942}") = "NewProject", "NewProject\NewProject.vcxproj", "{B097A860-F2ED-42BF-ACAF-7B3EC45AB89D}"
EndProject
Global
	GlobalSection(SolutionConfigurationPlatforms) = preSolution
		Debug|Win32 = Debug|Win32
		Release|Win32 = Release|Win32
	EndGlobalSection
	GlobalSection(ProjectConfigurationPlatforms) = postSolution
		{B097A860-F2ED-42BF-ACAF-7B3EC45AB89D}.Debug|Win32.ActiveCfg = Debug|Win32
		{B097A860-F2ED-42BF-ACAF-7B3EC45AB89D}.Debug|Win32.Build.0 = Debug|Win32
		{B097A860-F2ED-42BF-ACAF-7B3EC45AB89D}.Release|Win32.ActiveCfg = Release|Win32
		{B097A860-F2ED-42BF-ACAF-7B3EC45AB89D}.Release|Win32.Build.0 = Release|Win32
	EndGlobalSection
	GlobalSection(SolutionProperties) = preSolution
		HideSolutionNode = FALSE
	EndGlobalSection
EndGlobal
